
Microsoft Visual Studio Solution File, Format Version 12.00
# Visual Studio Version 17
VisualStudioVersion = 17.3.32714.290
MinimumVisualStudioVersion = 10.0.40219.1
Project("{FAE04EC0-301F-11D3-BF4B-00C04F79EFBC}") = "POETradeAnnouncer", "POETradeAnnouncer.csproj", "{FFBD4925-8002-4F3F-B647-6759D88106F2}"
EndProject
Global
	GlobalSection(SolutionConfigurationPlatforms) = preSolution
		Debug|Any CPU = Debug|Any CPU
		Release|Any CPU = Release|Any CPU
	EndGlobalSection
	GlobalSection(ProjectConfigurationPlatforms) = postSolution
		{FFBD4925-8002-4F3F-B647-6759D88106F2}.Debug|Any CPU.ActiveCfg = Debug|Any CPU
		{FFBD4925-8002-4F3F-B647-6759D88106F2}.Debug|Any CPU.Build.0 = Debug|Any CPU
		{FFBD4925-8002-4F3F-B647-6759D88106F2}.Release|Any CPU.ActiveCfg = Release|Any CPU
		{FFBD4925-8002-4F3F-B647-6759D88106F2}.Release|Any CPU.Build.0 = Release|Any CPU
	EndGlobalSection
	GlobalSection(SolutionProperties) = preSolution
		HideSolutionNode = FALSE
	EndGlobalSection
	GlobalSection(ExtensibilityGlobals) = postSolution
		SolutionGuid = {145ECD66-57FF-42E9-AFA0-DAC80411C89B}
	EndGlobalSection
EndGlobal
